
Microsoft Visual Studio Solution File, Format Version 12.00
# Visual Studio 2015
Project("{FAE04EC0-301F-11D3-BF4B-00C04F79EFBC}") = "Minez-master-final.CSharp", "Minez-master-final.CSharp.csproj", "{8B80E5A8-2459-6003-A5D1-A5005E2FA6E7}"
EndProject
Global
	GlobalSection(SolutionConfigurationPlatforms) = preSolution
		Debug|Any CPU = Debug|Any CPU
		Release|Any CPU = Release|Any CPU
	EndGlobalSection
	GlobalSection(ProjectConfigurationPlatforms) = postSolution
		{8B80E5A8-2459-6003-A5D1-A5005E2FA6E7}.Debug|Any CPU.ActiveCfg = Debug|Any CPU
		{8B80E5A8-2459-6003-A5D1-A5005E2FA6E7}.Debug|Any CPU.Build.0 = Debug|Any CPU
		{8B80E5A8-2459-6003-A5D1-A5005E2FA6E7}.Release|Any CPU.ActiveCfg = Release|Any CPU
		{8B80E5A8-2459-6003-A5D1-A5005E2FA6E7}.Release|Any CPU.Build.0 = Release|Any CPU
	EndGlobalSection
	GlobalSection(SolutionProperties) = preSolution
		HideSolutionNode = FALSE
	EndGlobalSection
EndGlobal
